
Microsoft Visual Studio Solution File, Format Version 12.00
# Visual Studio 15
VisualStudioVersion = 15.0.28307.489
MinimumVisualStudioVersion = 10.0.40219.1
Project("{FAE04EC0-301F-11D3-BF4B-00C04F79EFBC}") = "BigBD", "BigBD\BigBD.csproj", "{B6B558FA-9498-47DA-9D95-961C32E3191E}"
EndProject
Project("{FAE04EC0-301F-11D3-BF4B-00C04F79EFBC}") = "ObjectListView2010", "..\..\..\Desktop\ObjectListViewDemo\ObjectListView\ObjectListView2010.csproj", "{18FEDA0C-D147-4286-B39A-01204808106A}"
EndProject
Project("{FAE04EC0-301F-11D3-BF4B-00C04F79EFBC}") = "ObjectListView2012", "..\..\..\Desktop\ObjectListViewDemo\ObjectListView\ObjectListView2012.csproj", "{AF43EE88-D56E-40B6-AF97-1596FC4FC2ED}"
EndProject
Global
	GlobalSection(SolutionConfigurationPlatforms) = preSolution
		Debug|Any CPU = Debug|Any CPU
		Release|Any CPU = Release|Any CPU
	EndGlobalSection
	GlobalSection(ProjectConfigurationPlatforms) = postSolution
		{B6B558FA-9498-47DA-9D95-961C32E3191E}.Debug|Any CPU.ActiveCfg = Debug|Any CPU
		{B6B558FA-9498-47DA-9D95-961C32E3191E}.Debug|Any CPU.Build.0 = Debug|Any CPU
		{B6B558FA-9498-47DA-9D95-961C32E3191E}.Release|Any CPU.ActiveCfg = Release|Any CPU
		{B6B558FA-9498-47DA-9D95-961C32E3191E}.Release|Any CPU.Build.0 = Release|Any CPU
		{18FEDA0C-D147-4286-B39A-01204808106A}.Debug|Any CPU.ActiveCfg = Debug|Any CPU
		{18FEDA0C-D147-4286-B39A-01204808106A}.Debug|Any CPU.Build.0 = Debug|Any CPU
		{18FEDA0C-D147-4286-B39A-01204808106A}.Release|Any CPU.ActiveCfg = Release|Any CPU
		{18FEDA0C-D147-4286-B39A-01204808106A}.Release|Any CPU.Build.0 = Release|Any CPU
		{AF43EE88-D56E-40B6-AF97-1596FC4FC2ED}.Debug|Any CPU.ActiveCfg = Debug|Any CPU
		{AF43EE88-D56E-40B6-AF97-1596FC4FC2ED}.Debug|Any CPU.Build.0 = Debug|Any CPU
		{AF43EE88-D56E-40B6-AF97-1596FC4FC2ED}.Release|Any CPU.ActiveCfg = Release|Any CPU
		{AF43EE88-D56E-40B6-AF97-1596FC4FC2ED}.Release|Any CPU.Build.0 = Release|Any CPU
	EndGlobalSection
	GlobalSection(SolutionProperties) = preSolution
		HideSolutionNode = FALSE
	EndGlobalSection
	GlobalSection(ExtensibilityGlobals) = postSolution
		SolutionGuid = {FC6B6CE8-B0AF-4A0A-80CE-9C0C3D5AD40C}
	EndGlobalSection
EndGlobal
